
Microsoft Visual Studio Solution File, Format Version 12.00
# Visual Studio Version 16
VisualStudioVersion = 16.0.29215.179
MinimumVisualStudioVersion = 10.0.40219.1
Project("{FAE04EC0-301F-11D3-BF4B-00C04F79EFBC}") = "Kuba Must-Have Extensions", "Kuba Must-Have Extensions\Kuba Must-Have Extensions.csproj", "{B2EF3B22-7238-4457-A0AA-50F30163DFFB}"
EndProject
Project("{FAE04EC0-301F-11D3-BF4B-00C04F79EFBC}") = "Kuba Recommended Extensions", "Kuba Recommended Extensions\Kuba Recommended Extensions.csproj", "{3BE5E013-45FD-4B43-AE7C-6E1C06A8FD9B}"
EndProject
Global
	GlobalSection(SolutionConfigurationPlatforms) = preSolution
		Debug|Any CPU = Debug|Any CPU
		Release|Any CPU = Release|Any CPU
	EndGlobalSection
	GlobalSection(ProjectConfigurationPlatforms) = postSolution
		{B2EF3B22-7238-4457-A0AA-50F30163DFFB}.Debug|Any CPU.ActiveCfg = Debug|Any CPU
		{B2EF3B22-7238-4457-A0AA-50F30163DFFB}.Debug|Any CPU.Build.0 = Debug|Any CPU
		{B2EF3B22-7238-4457-A0AA-50F30163DFFB}.Release|Any CPU.ActiveCfg = Release|Any CPU
		{B2EF3B22-7238-4457-A0AA-50F30163DFFB}.Release|Any CPU.Build.0 = Release|Any CPU
		{3BE5E013-45FD-4B43-AE7C-6E1C06A8FD9B}.Debug|Any CPU.ActiveCfg = Debug|Any CPU
		{3BE5E013-45FD-4B43-AE7C-6E1C06A8FD9B}.Debug|Any CPU.Build.0 = Debug|Any CPU
		{3BE5E013-45FD-4B43-AE7C-6E1C06A8FD9B}.Release|Any CPU.ActiveCfg = Release|Any CPU
		{3BE5E013-45FD-4B43-AE7C-6E1C06A8FD9B}.Release|Any CPU.Build.0 = Release|Any CPU
	EndGlobalSection
	GlobalSection(SolutionProperties) = preSolution
		HideSolutionNode = FALSE
	EndGlobalSection
	GlobalSection(ExtensibilityGlobals) = postSolution
		SolutionGuid = {D592FBF2-B15D-476D-9680-BF5CE1509C36}
	EndGlobalSection
EndGlobal
